
Microsoft Visual Studio Solution File, Format Version 12.00
# Visual Studio Version 16
VisualStudioVersion = 16.0.29609.76
MinimumVisualStudioVersion = 10.0.40219.1
Project("{FAE04EC0-301F-11D3-BF4B-00C04F79EFBC}") = "ProjetGestionFilieres", "ProjetGestionFilieres\ProjetGestionFilieres.csproj", "{4E3DB0BD-1757-4AAD-B621-A0493C6E55ED}"
EndProject
Global
	GlobalSection(SolutionConfigurationPlatforms) = preSolution
		Debug|Any CPU = Debug|Any CPU
		Release|Any CPU = Release|Any CPU
	EndGlobalSection
	GlobalSection(ProjectConfigurationPlatforms) = postSolution
		{4E3DB0BD-1757-4AAD-B621-A0493C6E55ED}.Debug|Any CPU.ActiveCfg = Debug|Any CPU
		{4E3DB0BD-1757-4AAD-B621-A0493C6E55ED}.Debug|Any CPU.Build.0 = Debug|Any CPU
		{4E3DB0BD-1757-4AAD-B621-A0493C6E55ED}.Release|Any CPU.ActiveCfg = Release|Any CPU
		{4E3DB0BD-1757-4AAD-B621-A0493C6E55ED}.Release|Any CPU.Build.0 = Release|Any CPU
	EndGlobalSection
	GlobalSection(SolutionProperties) = preSolution
		HideSolutionNode = FALSE
	EndGlobalSection
	GlobalSection(ExtensibilityGlobals) = postSolution
		SolutionGuid = {01CE2C94-A2A5-48DF-8642-6DEB6C22EAE5}
	EndGlobalSection
EndGlobal
